{
  "name": "sabaki-go",
  "version": "1.0.0",
  "lockfileVersion": 1,
  "requires": true,
  "dependencies": {
    "@sabaki/go-board": {
      "version": "1.4.3",
      "resolved": "https://registry.npmjs.org/@sabaki/go-board/-/go-board-1.4.3.tgz",
      "integrity": "sha512-tXonP7vw7bYcXKSVrN1bhkb/QQi5EfTbDSflBffSp2iabbFbz4JyhEyw0ekbuwR0ntBq6iHky6BfCGF69Z4ttg=="
    },
    "@sabaki/influence": {
      "version": "1.2.2",
      "resolved": "https://registry.npmjs.org/@sabaki/influence/-/influence-1.2.2.tgz",
      "integrity": "sha512-VaySQcgFFgPsGmzZJ2AE97g0b6+9bBxEZlCmS++cyJ9GboLwoXjGZa4vGKdY3zXvzngzSEwQWu3PrONfZOFthw=="
    }
  }
}
